
Microsoft Visual Studio Solution File, Format Version 12.00
# Visual Studio 15
VisualStudioVersion = 15.0.26730.8
MinimumVisualStudioVersion = 10.0.40219.1
Project("{FAE04EC0-301F-11D3-BF4B-00C04F79EFBC}") = "SampleConsoleApp1", "SampleConsoleApp1\SampleConsoleApp1.csproj", "{B5A27B08-1EE4-4EAC-A099-C8827CDE9ACE}"
EndProject
Global
	GlobalSection(SolutionConfigurationPlatforms) = preSolution
		Debug|Any CPU = Debug|Any CPU
		Release|Any CPU = Release|Any CPU
	EndGlobalSection
	GlobalSection(ProjectConfigurationPlatforms) = postSolution
		{B5A27B08-1EE4-4EAC-A099-C8827CDE9ACE}.Debug|Any CPU.ActiveCfg = Debug|Any CPU
		{B5A27B08-1EE4-4EAC-A099-C8827CDE9ACE}.Debug|Any CPU.Build.0 = Debug|Any CPU
		{B5A27B08-1EE4-4EAC-A099-C8827CDE9ACE}.Release|Any CPU.ActiveCfg = Release|Any CPU
		{B5A27B08-1EE4-4EAC-A099-C8827CDE9ACE}.Release|Any CPU.Build.0 = Release|Any CPU
	EndGlobalSection
	GlobalSection(SolutionProperties) = preSolution
		HideSolutionNode = FALSE
	EndGlobalSection
	GlobalSection(ExtensibilityGlobals) = postSolution
		SolutionGuid = {9DA78AB7-0833-4A09-8199-280EC2881FE1}
	EndGlobalSection
EndGlobal
